// !$*UTF8*$!
{
	archiveVersion = 1;
	classes = {
	};
	objectVersion = 77;
	objects = {

/* Begin PBXBuildFile section */
		017C50F7A80EA1753F05490A /* Mediasoup-LICENSE.txt in Resources */ = {isa = PBXBuildFile; fileRef = BBF3F37050139ACCAF44678C /* Mediasoup-LICENSE.txt */; };
		03C39D978AFE2265E78E22F7 /* RootView.swift in Sources */ = {isa = PBXBuildFile; fileRef = 3FA24AAF2B2640E82AE4DA11 /* RootView.swift */; };
		0FB33E18043914848E61F7DF /* NovaConnectApp.swift in Sources */ = {isa = PBXBuildFile; fileRef = F57B3CE1A466B265AC5E44CF /* NovaConnectApp.swift */; };
		1579EC543BEE847CEB933749 /* APIClient.swift in Sources */ = {isa = PBXBuildFile; fileRef = 649990D44622D280C68CF60D /* APIClient.swift */; };
		185971A55BD75D6860530F26 /* CallVideo.swift in Sources */ = {isa = PBXBuildFile; fileRef = 677BB2ABF7A10AEEFE0EA604 /* CallVideo.swift */; };
		302B0C69B56FF60734CC0CF6 /* LiveConnection.swift in Sources */ = {isa = PBXBuildFile; fileRef = 33003A350FD2941CD2A999D8 /* LiveConnection.swift */; };
		385BBB4571767C3597F29AA6 /* CallMedia.swift in Sources */ = {isa = PBXBuildFile; fileRef = EF7D3473DB84CE81DF952005 /* CallMedia.swift */; };
		3E5FE43021D4C84FC54D5BFA /* NativeApp.swift in Sources */ = {isa = PBXBuildFile; fileRef = C1ABE149FA30E5B44418795A /* NativeApp.swift */; };
		50D3C6ADD458C36846A5AF85 /* NovaConnectLabCA.der in Resources */ = {isa = PBXBuildFile; fileRef = CFA2B14E4C0D5680F52B3C68 /* NovaConnectLabCA.der */; };
		54F0969E4C21BD3057EE04B7 /* LabServer.der in Resources */ = {isa = PBXBuildFile; fileRef = 82909264C40572BF614E2B9A /* LabServer.der */; };
		5C8A6F64ED06929C016F3F27 /* SessionVault.swift in Sources */ = {isa = PBXBuildFile; fileRef = F57FC946D8B62668276BE09D /* SessionVault.swift */; };
		6972434330DD91A947F03BD4 /* ChatViews.swift in Sources */ = {isa = PBXBuildFile; fileRef = 8F5CCFF53BD7F613C3409E58 /* ChatViews.swift */; };
		6B364667FDE6E2B33313F02F /* NativeCalls.swift in Sources */ = {isa = PBXBuildFile; fileRef = 9EB8BF934E680062E2A8A306 /* NativeCalls.swift */; };
		7487EF7A8C6D71949A79F550 /* WebView.swift in Sources */ = {isa = PBXBuildFile; fileRef = C7CE85314EBAA698DC93CAD1 /* WebView.swift */; };
		79CB5F66A4273749073250A6 /* SystemCallTests.swift in Sources */ = {isa = PBXBuildFile; fileRef = C83A41C1E8A2E56E960F2D8E /* SystemCallTests.swift */; };
		7E87C141C78919468F4F8C27 /* Assets.xcassets in Resources */ = {isa = PBXBuildFile; fileRef = 362575A534DEA60B869216E4 /* Assets.xcassets */; };
		9D171DA0147C08694E9B3258 /* NovaGlass.swift in Sources */ = {isa = PBXBuildFile; fileRef = 7CAE548AF2DC2C2C80149A62 /* NovaGlass.swift */; };
		9EC0FD8190AC6BAFAB715AB6 /* PrivacyInfo.xcprivacy in Resources */ = {isa = PBXBuildFile; fileRef = 7A087DE0D21024F09CAD43EB /* PrivacyInfo.xcprivacy */; };
		AD901985CCD64A31743D21F3 /* DirectoryViews.swift in Sources */ = {isa = PBXBuildFile; fileRef = 4AE57AF60B08F4C57A702204 /* DirectoryViews.swift */; };
		B52F6277B7785D7AD1F18B30 /* ReliabilityTests.swift in Sources */ = {isa = PBXBuildFile; fileRef = DBBA81EFB8BA6CC243ED2B8E /* ReliabilityTests.swift */; };
		B59002D523F9A7BF52574024 /* ServerSettings.swift in Sources */ = {isa = PBXBuildFile; fileRef = F265FA793D37390CC5150047 /* ServerSettings.swift */; };
		B7FD9F5CAF53E8A77E2C4832 /* ChatReliability.swift in Sources */ = {isa = PBXBuildFile; fileRef = 5EA9D3B14AB44869E8524857 /* ChatReliability.swift */; };
		B9454AB6ED1EE8C5B37058CF /* Assets.xcassets in Resources */ = {isa = PBXBuildFile; fileRef = 362575A534DEA60B869216E4 /* Assets.xcassets */; };
		BCBD6205B70DFEB640ED10A6 /* NativeTests.swift in Sources */ = {isa = PBXBuildFile; fileRef = A9AB3E1FDD903740A6A7A67E /* NativeTests.swift */; };
		CE488D40EF40FB60AD0FF628 /* Models.swift in Sources */ = {isa = PBXBuildFile; fileRef = 3BCF5ED369CC35B21B9E32AF /* Models.swift */; };
		F66624F74DF1C439E4458B80 /* SystemCalls.swift in Sources */ = {isa = PBXBuildFile; fileRef = 0CA5F914720E9DFF8001E3CC /* SystemCalls.swift */; };
		F8C523D104423CE7B95116F7 /* Mediasoup in Frameworks */ = {isa = PBXBuildFile; productRef = 0F56FFB3EBF4096799DA4B7A /* Mediasoup */; };
		FBFA06B76FF9D26E62FF8ED6 /* LabCA.der in Resources */ = {isa = PBXBuildFile; fileRef = 8A6D52D34224F9085FD0450C /* LabCA.der */; };
/* End PBXBuildFile section */

/* Begin PBXContainerItemProxy section */
		7DBE2643FC2D51890B549CAC /* PBXContainerItemProxy */ = {
			isa = PBXContainerItemProxy;
			containerPortal = 6DC1954080D50A79682ACC17 /* Project object */;
			proxyType = 1;
			remoteGlobalIDString = 8141A21F858E9B964E50E2C4;
			remoteInfo = NovaConnectNative;
		};
/* End PBXContainerItemProxy section */

/* Begin PBXFileReference section */
		0CA5F914720E9DFF8001E3CC /* SystemCalls.swift */ = {isa = PBXFileReference; lastKnownFileType = sourcecode.swift; path = SystemCalls.swift; sourceTree = "<group>"; };
		2DB60155367AF5AA99F583B1 /* Info.plist */ = {isa = PBXFileReference; lastKnownFileType = text.plist; path = Info.plist; sourceTree = "<group>"; };
		33003A350FD2941CD2A999D8 /* LiveConnection.swift */ = {isa = PBXFileReference; lastKnownFileType = sourcecode.swift; path = LiveConnection.swift; sourceTree = "<group>"; };
		362575A534DEA60B869216E4 /* Assets.xcassets */ = {isa = PBXFileReference; lastKnownFileType = folder.assetcatalog; path = Assets.xcassets; sourceTree = "<group>"; };
		3BCF5ED369CC35B21B9E32AF /* Models.swift */ = {isa = PBXFileReference; lastKnownFileType = sourcecode.swift; path = Models.swift; sourceTree = "<group>"; };
		3CFAC97AC733AA6A85E0B23F /* Info.plist */ = {isa = PBXFileReference; lastKnownFileType = text.plist; path = Info.plist; sourceTree = "<group>"; };
		3FA24AAF2B2640E82AE4DA11 /* RootView.swift */ = {isa = PBXFileReference; lastKnownFileType = sourcecode.swift; path = RootView.swift; sourceTree = "<group>"; };
		490F373345A3C5D399E0CF6E /* NovaConnect.app */ = {isa = PBXFileReference; includeInIndex = 0; lastKnownFileType = wrapper.application; path = NovaConnect.app; sourceTree = BUILT_PRODUCTS_DIR; };
		4AE57AF60B08F4C57A702204 /* DirectoryViews.swift */ = {isa = PBXFileReference; lastKnownFileType = sourcecode.swift; path = DirectoryViews.swift; sourceTree = "<group>"; };
		524EBA68960ED349F7B8BE7B /* NovaConnectNativeTests.xctest */ = {isa = PBXFileReference; includeInIndex = 0; lastKnownFileType = wrapper.cfbundle; path = NovaConnectNativeTests.xctest; sourceTree = BUILT_PRODUCTS_DIR; };
		5EA9D3B14AB44869E8524857 /* ChatReliability.swift */ = {isa = PBXFileReference; lastKnownFileType = sourcecode.swift; path = ChatReliability.swift; sourceTree = "<group>"; };
		649990D44622D280C68CF60D /* APIClient.swift */ = {isa = PBXFileReference; lastKnownFileType = sourcecode.swift; path = APIClient.swift; sourceTree = "<group>"; };
		677BB2ABF7A10AEEFE0EA604 /* CallVideo.swift */ = {isa = PBXFileReference; lastKnownFileType = sourcecode.swift; path = CallVideo.swift; sourceTree = "<group>"; };
		7A087DE0D21024F09CAD43EB /* PrivacyInfo.xcprivacy */ = {isa = PBXFileReference; path = PrivacyInfo.xcprivacy; sourceTree = "<group>"; };
		7CAE548AF2DC2C2C80149A62 /* NovaGlass.swift */ = {isa = PBXFileReference; lastKnownFileType = sourcecode.swift; path = NovaGlass.swift; sourceTree = "<group>"; };
		82909264C40572BF614E2B9A /* LabServer.der */ = {isa = PBXFileReference; path = LabServer.der; sourceTree = "<group>"; };
		8A6D52D34224F9085FD0450C /* LabCA.der */ = {isa = PBXFileReference; path = LabCA.der; sourceTree = "<group>"; };
		8F5CCFF53BD7F613C3409E58 /* ChatViews.swift */ = {isa = PBXFileReference; lastKnownFileType = sourcecode.swift; path = ChatViews.swift; sourceTree = "<group>"; };
		914E08FD4DCC274E1ABFF87E /* NovaConnectNative.app */ = {isa = PBXFileReference; includeInIndex = 0; lastKnownFileType = wrapper.application; path = NovaConnectNative.app; sourceTree = BUILT_PRODUCTS_DIR; };
		9EB8BF934E680062E2A8A306 /* NativeCalls.swift */ = {isa = PBXFileReference; lastKnownFileType = sourcecode.swift; path = NativeCalls.swift; sourceTree = "<group>"; };
		A9AB3E1FDD903740A6A7A67E /* NativeTests.swift */ = {isa = PBXFileReference; lastKnownFileType = sourcecode.swift; path = NativeTests.swift; sourceTree = "<group>"; };
		BBF3F37050139ACCAF44678C /* Mediasoup-LICENSE.txt */ = {isa = PBXFileReference; lastKnownFileType = text; path = "Mediasoup-LICENSE.txt"; sourceTree = "<group>"; };
		C1ABE149FA30E5B44418795A /* NativeApp.swift */ = {isa = PBXFileReference; lastKnownFileType = sourcecode.swift; path = NativeApp.swift; sourceTree = "<group>"; };
		C7CE85314EBAA698DC93CAD1 /* WebView.swift */ = {isa = PBXFileReference; lastKnownFileType = sourcecode.swift; path = WebView.swift; sourceTree = "<group>"; };
		C83A41C1E8A2E56E960F2D8E /* SystemCallTests.swift */ = {isa = PBXFileReference; lastKnownFileType = sourcecode.swift; path = SystemCallTests.swift; sourceTree = "<group>"; };
		CFA2B14E4C0D5680F52B3C68 /* NovaConnectLabCA.der */ = {isa = PBXFileReference; path = NovaConnectLabCA.der; sourceTree = "<group>"; };
		DBBA81EFB8BA6CC243ED2B8E /* ReliabilityTests.swift */ = {isa = PBXFileReference; lastKnownFileType = sourcecode.swift; path = ReliabilityTests.swift; sourceTree = "<group>"; };
		EF7D3473DB84CE81DF952005 /* CallMedia.swift */ = {isa = PBXFileReference; lastKnownFileType = sourcecode.swift; path = CallMedia.swift; sourceTree = "<group>"; };
		F265FA793D37390CC5150047 /* ServerSettings.swift */ = {isa = PBXFileReference; lastKnownFileType = sourcecode.swift; path = ServerSettings.swift; sourceTree = "<group>"; };
		F57B3CE1A466B265AC5E44CF /* NovaConnectApp.swift */ = {isa = PBXFileReference; lastKnownFileType = sourcecode.swift; path = NovaConnectApp.swift; sourceTree = "<group>"; };
		F57FC946D8B62668276BE09D /* SessionVault.swift */ = {isa = PBXFileReference; lastKnownFileType = sourcecode.swift; path = SessionVault.swift; sourceTree = "<group>"; };
/* End PBXFileReference section */

/* Begin PBXFrameworksBuildPhase section */
		F1FAD63457130A8494833878 /* Frameworks */ = {
			isa = PBXFrameworksBuildPhase;
			buildActionMask = 2147483647;
			files = (
				F8C523D104423CE7B95116F7 /* Mediasoup in Frameworks */,
			);
			runOnlyForDeploymentPostprocessing = 0;
		};
/* End PBXFrameworksBuildPhase section */

/* Begin PBXGroup section */
		0CE29CECA1D3389070F930E2 = {
			isa = PBXGroup;
			children = (
				CA8BBC5E9124645F865B3581 /* Native */,
				93E740CB16E3D642FB20F47F /* NativeTests */,
				3F9BB89535C3800936D3BBD9 /* NovaConnect */,
				C0845C107F68147100C4BF06 /* Products */,
			);
			sourceTree = "<group>";
		};
		316E0C93159847050576CEAC /* Fixtures */ = {
			isa = PBXGroup;
			children = (
				8A6D52D34224F9085FD0450C /* LabCA.der */,
				82909264C40572BF614E2B9A /* LabServer.der */,
			);
			path = Fixtures;
			sourceTree = "<group>";
		};
		3F9BB89535C3800936D3BBD9 /* NovaConnect */ = {
			isa = PBXGroup;
			children = (
				362575A534DEA60B869216E4 /* Assets.xcassets */,
				2DB60155367AF5AA99F583B1 /* Info.plist */,
				F57B3CE1A466B265AC5E44CF /* NovaConnectApp.swift */,
				3FA24AAF2B2640E82AE4DA11 /* RootView.swift */,
				F265FA793D37390CC5150047 /* ServerSettings.swift */,
				C7CE85314EBAA698DC93CAD1 /* WebView.swift */,
			);
			path = NovaConnect;
			sourceTree = "<group>";
		};
		93E740CB16E3D642FB20F47F /* NativeTests */ = {
			isa = PBXGroup;
			children = (
				A9AB3E1FDD903740A6A7A67E /* NativeTests.swift */,
				DBBA81EFB8BA6CC243ED2B8E /* ReliabilityTests.swift */,
				C83A41C1E8A2E56E960F2D8E /* SystemCallTests.swift */,
				316E0C93159847050576CEAC /* Fixtures */,
			);
			path = NativeTests;
			sourceTree = "<group>";
		};
		C0845C107F68147100C4BF06 /* Products */ = {
			isa = PBXGroup;
			children = (
				490F373345A3C5D399E0CF6E /* NovaConnect.app */,
				914E08FD4DCC274E1ABFF87E /* NovaConnectNative.app */,
				524EBA68960ED349F7B8BE7B /* NovaConnectNativeTests.xctest */,
			);
			name = Products;
			sourceTree = "<group>";
		};
		CA8BBC5E9124645F865B3581 /* Native */ = {
			isa = PBXGroup;
			children = (
				649990D44622D280C68CF60D /* APIClient.swift */,
				EF7D3473DB84CE81DF952005 /* CallMedia.swift */,
				677BB2ABF7A10AEEFE0EA604 /* CallVideo.swift */,
				5EA9D3B14AB44869E8524857 /* ChatReliability.swift */,
				8F5CCFF53BD7F613C3409E58 /* ChatViews.swift */,
				4AE57AF60B08F4C57A702204 /* DirectoryViews.swift */,
				3CFAC97AC733AA6A85E0B23F /* Info.plist */,
				33003A350FD2941CD2A999D8 /* LiveConnection.swift */,
				BBF3F37050139ACCAF44678C /* Mediasoup-LICENSE.txt */,
				3BCF5ED369CC35B21B9E32AF /* Models.swift */,
				C1ABE149FA30E5B44418795A /* NativeApp.swift */,
				9EB8BF934E680062E2A8A306 /* NativeCalls.swift */,
				CFA2B14E4C0D5680F52B3C68 /* NovaConnectLabCA.der */,
				7CAE548AF2DC2C2C80149A62 /* NovaGlass.swift */,
				7A087DE0D21024F09CAD43EB /* PrivacyInfo.xcprivacy */,
				F57FC946D8B62668276BE09D /* SessionVault.swift */,
				0CA5F914720E9DFF8001E3CC /* SystemCalls.swift */,
			);
			path = Native;
			sourceTree = "<group>";
		};
/* End PBXGroup section */

/* Begin PBXNativeTarget section */
		8141A21F858E9B964E50E2C4 /* NovaConnectNative */ = {
			isa = PBXNativeTarget;
			buildConfigurationList = F2EB74A6FDB7E9E0A1F6317A /* Build configuration list for PBXNativeTarget "NovaConnectNative" */;
			buildPhases = (
				EF85139E11EA3DB88351ABB7 /* Sources */,
				20CA08277EFCDEF7E007898F /* Resources */,
				F1FAD63457130A8494833878 /* Frameworks */,
			);
			buildRules = (
			);
			dependencies = (
			);
			name = NovaConnectNative;
			packageProductDependencies = (
				0F56FFB3EBF4096799DA4B7A /* Mediasoup */,
			);
			productName = NovaConnectNative;
			productReference = 914E08FD4DCC274E1ABFF87E /* NovaConnectNative.app */;
			productType = "com.apple.product-type.application";
		};
		82AD1C0C1F16B2E3913CD223 /* NovaConnect */ = {
			isa = PBXNativeTarget;
			buildConfigurationList = 25C5282FB4A2BCF783E1C89A /* Build configuration list for PBXNativeTarget "NovaConnect" */;
			buildPhases = (
				75971CF84ACE86B2C6636F37 /* Sources */,
				EB205000E1975DB0F46A6E36 /* Resources */,
			);
			buildRules = (
			);
			dependencies = (
			);
			name = NovaConnect;
			packageProductDependencies = (
			);
			productName = NovaConnect;
			productReference = 490F373345A3C5D399E0CF6E /* NovaConnect.app */;
			productType = "com.apple.product-type.application";
		};
		FBC420CE2429B168E91D3B9A /* NovaConnectNativeTests */ = {
			isa = PBXNativeTarget;
			buildConfigurationList = E48E26265BD1C3FC24CB1EC9 /* Build configuration list for PBXNativeTarget "NovaConnectNativeTests" */;
			buildPhases = (
				929537D5469070395555D0B9 /* Sources */,
				6E7027A1C2C0C795839E3F82 /* Resources */,
			);
			buildRules = (
			);
			dependencies = (
				69348AF381C926CA996AC88F /* PBXTargetDependency */,
			);
			name = NovaConnectNativeTests;
			packageProductDependencies = (
			);
			productName = NovaConnectNativeTests;
			productReference = 524EBA68960ED349F7B8BE7B /* NovaConnectNativeTests.xctest */;
			productType = "com.apple.product-type.bundle.unit-test";
		};
/* End PBXNativeTarget section */

/* Begin PBXProject section */
		6DC1954080D50A79682ACC17 /* Project object */ = {
			isa = PBXProject;
			attributes = {
				BuildIndependentTargetsInParallel = YES;
				LastUpgradeCheck = 1430;
				TargetAttributes = {
					8141A21F858E9B964E50E2C4 = {
						ProvisioningStyle = Automatic;
					};
					82AD1C0C1F16B2E3913CD223 = {
						ProvisioningStyle = Automatic;
					};
				};
			};
			buildConfigurationList = 704BABFE36809E6467F5FA36 /* Build configuration list for PBXProject "NovaConnect" */;
			developmentRegion = en;
			hasScannedForEncodings = 0;
			knownRegions = (
				Base,
				en,
			);
			mainGroup = 0CE29CECA1D3389070F930E2;
			minimizedProjectReferenceProxies = 1;
			packageReferences = (
				A30FBA542F3C1724B4E9633E /* XCRemoteSwiftPackageReference "mediasoup-client-swift" */,
			);
			preferredProjectObjectVersion = 77;
			productRefGroup = C0845C107F68147100C4BF06 /* Products */;
			projectDirPath = "";
			projectRoot = "";
			targets = (
				82AD1C0C1F16B2E3913CD223 /* NovaConnect */,
				8141A21F858E9B964E50E2C4 /* NovaConnectNative */,
				FBC420CE2429B168E91D3B9A /* NovaConnectNativeTests */,
			);
		};
/* End PBXProject section */

/* Begin PBXResourcesBuildPhase section */
		20CA08277EFCDEF7E007898F /* Resources */ = {
			isa = PBXResourcesBuildPhase;
			buildActionMask = 2147483647;
			files = (
				B9454AB6ED1EE8C5B37058CF /* Assets.xcassets in Resources */,
				017C50F7A80EA1753F05490A /* Mediasoup-LICENSE.txt in Resources */,
				50D3C6ADD458C36846A5AF85 /* NovaConnectLabCA.der in Resources */,
				9EC0FD8190AC6BAFAB715AB6 /* PrivacyInfo.xcprivacy in Resources */,
			);
			runOnlyForDeploymentPostprocessing = 0;
		};
		6E7027A1C2C0C795839E3F82 /* Resources */ = {
			isa = PBXResourcesBuildPhase;
			buildActionMask = 2147483647;
			files = (
				FBFA06B76FF9D26E62FF8ED6 /* LabCA.der in Resources */,
				54F0969E4C21BD3057EE04B7 /* LabServer.der in Resources */,
			);
			runOnlyForDeploymentPostprocessing = 0;
		};
		EB205000E1975DB0F46A6E36 /* Resources */ = {
			isa = PBXResourcesBuildPhase;
			buildActionMask = 2147483647;
			files = (
				7E87C141C78919468F4F8C27 /* Assets.xcassets in Resources */,
			);
			runOnlyForDeploymentPostprocessing = 0;
		};
/* End PBXResourcesBuildPhase section */

/* Begin PBXSourcesBuildPhase section */
		75971CF84ACE86B2C6636F37 /* Sources */ = {
			isa = PBXSourcesBuildPhase;
			buildActionMask = 2147483647;
			files = (
				0FB33E18043914848E61F7DF /* NovaConnectApp.swift in Sources */,
				03C39D978AFE2265E78E22F7 /* RootView.swift in Sources */,
				B59002D523F9A7BF52574024 /* ServerSettings.swift in Sources */,
				7487EF7A8C6D71949A79F550 /* WebView.swift in Sources */,
			);
			runOnlyForDeploymentPostprocessing = 0;
		};
		929537D5469070395555D0B9 /* Sources */ = {
			isa = PBXSourcesBuildPhase;
			buildActionMask = 2147483647;
			files = (
				BCBD6205B70DFEB640ED10A6 /* NativeTests.swift in Sources */,
				B52F6277B7785D7AD1F18B30 /* ReliabilityTests.swift in Sources */,
				79CB5F66A4273749073250A6 /* SystemCallTests.swift in Sources */,
			);
			runOnlyForDeploymentPostprocessing = 0;
		};
		EF85139E11EA3DB88351ABB7 /* Sources */ = {
			isa = PBXSourcesBuildPhase;
			buildActionMask = 2147483647;
			files = (
				1579EC543BEE847CEB933749 /* APIClient.swift in Sources */,
				385BBB4571767C3597F29AA6 /* CallMedia.swift in Sources */,
				185971A55BD75D6860530F26 /* CallVideo.swift in Sources */,
				B7FD9F5CAF53E8A77E2C4832 /* ChatReliability.swift in Sources */,
				6972434330DD91A947F03BD4 /* ChatViews.swift in Sources */,
				AD901985CCD64A31743D21F3 /* DirectoryViews.swift in Sources */,
				302B0C69B56FF60734CC0CF6 /* LiveConnection.swift in Sources */,
				CE488D40EF40FB60AD0FF628 /* Models.swift in Sources */,
				3E5FE43021D4C84FC54D5BFA /* NativeApp.swift in Sources */,
				6B364667FDE6E2B33313F02F /* NativeCalls.swift in Sources */,
				9D171DA0147C08694E9B3258 /* NovaGlass.swift in Sources */,
				5C8A6F64ED06929C016F3F27 /* SessionVault.swift in Sources */,
				F66624F74DF1C439E4458B80 /* SystemCalls.swift in Sources */,
			);
			runOnlyForDeploymentPostprocessing = 0;
		};
/* End PBXSourcesBuildPhase section */

/* Begin PBXTargetDependency section */
		69348AF381C926CA996AC88F /* PBXTargetDependency */ = {
			isa = PBXTargetDependency;
			target = 8141A21F858E9B964E50E2C4 /* NovaConnectNative */;
			targetProxy = 7DBE2643FC2D51890B549CAC /* PBXContainerItemProxy */;
		};
/* End PBXTargetDependency section */

/* Begin XCBuildConfiguration section */
		09DAAE0BCF66E3333708BCC6 /* Release */ = {
			isa = XCBuildConfiguration;
			buildSettings = {
				ALWAYS_SEARCH_USER_PATHS = NO;
				CLANG_ANALYZER_NONNULL = YES;
				CLANG_ANALYZER_NUMBER_OBJECT_CONVERSION = YES_AGGRESSIVE;
				CLANG_CXX_LANGUAGE_STANDARD = "gnu++14";
				CLANG_CXX_LIBRARY = "libc++";
				CLANG_ENABLE_MODULES = YES;
				CLANG_ENABLE_OBJC_ARC = YES;
				CLANG_ENABLE_OBJC_WEAK = YES;
				CLANG_WARN_BLOCK_CAPTURE_AUTORELEASING = YES;
				CLANG_WARN_BOOL_CONVERSION = YES;
				CLANG_WARN_COMMA = YES;
				CLANG_WARN_CONSTANT_CONVERSION = YES;
				CLANG_WARN_DEPRECATED_OBJC_IMPLEMENTATIONS = YES;
				CLANG_WARN_DIRECT_OBJC_ISA_USAGE = YES_ERROR;
				CLANG_WARN_DOCUMENTATION_COMMENTS = YES;
				CLANG_WARN_EMPTY_BODY = YES;
				CLANG_WARN_ENUM_CONVERSION = YES;
				CLANG_WARN_INFINITE_RECURSION = YES;
				CLANG_WARN_INT_CONVERSION = YES;
				CLANG_WARN_NON_LITERAL_NULL_CONVERSION = YES;
				CLANG_WARN_OBJC_IMPLICIT_RETAIN_SELF = YES;
				CLANG_WARN_OBJC_LITERAL_CONVERSION = YES;
				CLANG_WARN_OBJC_ROOT_CLASS = YES_ERROR;
				CLANG_WARN_QUOTED_INCLUDE_IN_FRAMEWORK_HEADER = YES;
				CLANG_WARN_RANGE_LOOP_ANALYSIS = YES;
				CLANG_WARN_STRICT_PROTOTYPES = YES;
				CLANG_WARN_SUSPICIOUS_MOVE = YES;
				CLANG_WARN_UNGUARDED_AVAILABILITY = YES_AGGRESSIVE;
				CLANG_WARN_UNREACHABLE_CODE = YES;
				CLANG_WARN__DUPLICATE_METHOD_MATCH = YES;
				COPY_PHASE_STRIP = NO;
				CURRENT_PROJECT_VERSION = 2;
				DEBUG_INFORMATION_FORMAT = "dwarf-with-dsym";
				ENABLE_NS_ASSERTIONS = NO;
				ENABLE_STRICT_OBJC_MSGSEND = YES;
				GCC_C_LANGUAGE_STANDARD = gnu11;
				GCC_NO_COMMON_BLOCKS = YES;
				GCC_WARN_64_TO_32_BIT_CONVERSION = YES;
				GCC_WARN_ABOUT_RETURN_TYPE = YES_ERROR;
				GCC_WARN_UNDECLARED_SELECTOR = YES;
				GCC_WARN_UNINITIALIZED_AUTOS = YES_AGGRESSIVE;
				GCC_WARN_UNUSED_FUNCTION = YES;
				GCC_WARN_UNUSED_VARIABLE = YES;
				IPHONEOS_DEPLOYMENT_TARGET = 17.0;
				MARKETING_VERSION = 1.0.1;
				MTL_ENABLE_DEBUG_INFO = NO;
				MTL_FAST_MATH = YES;
				NOVACONNECT_DEFAULT_SERVER_URL = "https://10.0.0.102";
				PRODUCT_NAME = "$(TARGET_NAME)";
				SDKROOT = iphoneos;
				SWIFT_COMPILATION_MODE = wholemodule;
				SWIFT_OPTIMIZATION_LEVEL = "-O";
				SWIFT_VERSION = 5.0;
			};
			name = Release;
		};
		0C3DB6D4655D329A36416FF4 /* Debug */ = {
			isa = XCBuildConfiguration;
			buildSettings = {
				BUNDLE_LOADER = "$(TEST_HOST)";
				GENERATE_INFOPLIST_FILE = YES;
				LD_RUNPATH_SEARCH_PATHS = (
					"$(inherited)",
					"@executable_path/Frameworks",
					"@loader_path/Frameworks",
				);
				PRODUCT_BUNDLE_IDENTIFIER = com.novaconnect.NovaConnectNativeTests;
				SDKROOT = iphoneos;
				SWIFT_VERSION = 5.0;
				TARGETED_DEVICE_FAMILY = "1,2";
				TEST_HOST = "$(BUILT_PRODUCTS_DIR)/NovaConnectNative.app/NovaConnectNative";
			};
			name = Debug;
		};
		100059A2B2DF328F49CC7BFD /* Release */ = {
			isa = XCBuildConfiguration;
			buildSettings = {
				ASSETCATALOG_COMPILER_APPICON_NAME = AppIcon;
				ASSETCATALOG_COMPILER_GLOBAL_ACCENT_COLOR_NAME = AccentColor;
				CODE_SIGN_IDENTITY = "iPhone Developer";
				CODE_SIGN_STYLE = Automatic;
				CURRENT_PROJECT_VERSION = 25;
				INFOPLIST_FILE = Native/Info.plist;
				LD_RUNPATH_SEARCH_PATHS = (
					"$(inherited)",
					"@executable_path/Frameworks",
				);
				MARKETING_VERSION = 0.1.0;
				PRODUCT_BUNDLE_IDENTIFIER = com.novaconnect.native;
				SDKROOT = iphoneos;
				SWIFT_VERSION = 5.0;
				TARGETED_DEVICE_FAMILY = "1,2";
			};
			name = Release;
		};
		3BF2A803CBE70229065917D0 /* Debug */ = {
			isa = XCBuildConfiguration;
			buildSettings = {
				ASSETCATALOG_COMPILER_APPICON_NAME = AppIcon;
				ASSETCATALOG_COMPILER_GLOBAL_ACCENT_COLOR_NAME = AccentColor;
				CODE_SIGN_IDENTITY = "iPhone Developer";
				CODE_SIGN_STYLE = Automatic;
				INFOPLIST_FILE = NovaConnect/Info.plist;
				LD_RUNPATH_SEARCH_PATHS = (
					"$(inherited)",
					"@executable_path/Frameworks",
				);
				PRODUCT_BUNDLE_IDENTIFIER = com.novaconnect.ios;
				SDKROOT = iphoneos;
				SWIFT_VERSION = 5.0;
				TARGETED_DEVICE_FAMILY = "1,2";
			};
			name = Debug;
		};
		4CDB2C192E0AF3F941D97481 /* Debug */ = {
			isa = XCBuildConfiguration;
			buildSettings = {
				ALWAYS_SEARCH_USER_PATHS = NO;
				CLANG_ANALYZER_NONNULL = YES;
				CLANG_ANALYZER_NUMBER_OBJECT_CONVERSION = YES_AGGRESSIVE;
				CLANG_CXX_LANGUAGE_STANDARD = "gnu++14";
				CLANG_CXX_LIBRARY = "libc++";
				CLANG_ENABLE_MODULES = YES;
				CLANG_ENABLE_OBJC_ARC = YES;
				CLANG_ENABLE_OBJC_WEAK = YES;
				CLANG_WARN_BLOCK_CAPTURE_AUTORELEASING = YES;
				CLANG_WARN_BOOL_CONVERSION = YES;
				CLANG_WARN_COMMA = YES;
				CLANG_WARN_CONSTANT_CONVERSION = YES;
				CLANG_WARN_DEPRECATED_OBJC_IMPLEMENTATIONS = YES;
				CLANG_WARN_DIRECT_OBJC_ISA_USAGE = YES_ERROR;
				CLANG_WARN_DOCUMENTATION_COMMENTS = YES;
				CLANG_WARN_EMPTY_BODY = YES;
				CLANG_WARN_ENUM_CONVERSION = YES;
				CLANG_WARN_INFINITE_RECURSION = YES;
				CLANG_WARN_INT_CONVERSION = YES;
				CLANG_WARN_NON_LITERAL_NULL_CONVERSION = YES;
				CLANG_WARN_OBJC_IMPLICIT_RETAIN_SELF = YES;
				CLANG_WARN_OBJC_LITERAL_CONVERSION = YES;
				CLANG_WARN_OBJC_ROOT_CLASS = YES_ERROR;
				CLANG_WARN_QUOTED_INCLUDE_IN_FRAMEWORK_HEADER = YES;
				CLANG_WARN_RANGE_LOOP_ANALYSIS = YES;
				CLANG_WARN_STRICT_PROTOTYPES = YES;
				CLANG_WARN_SUSPICIOUS_MOVE = YES;
				CLANG_WARN_UNGUARDED_AVAILABILITY = YES_AGGRESSIVE;
				CLANG_WARN_UNREACHABLE_CODE = YES;
				CLANG_WARN__DUPLICATE_METHOD_MATCH = YES;
				COPY_PHASE_STRIP = NO;
				CURRENT_PROJECT_VERSION = 2;
				DEBUG_INFORMATION_FORMAT = dwarf;
				ENABLE_STRICT_OBJC_MSGSEND = YES;
				ENABLE_TESTABILITY = YES;
				GCC_C_LANGUAGE_STANDARD = gnu11;
				GCC_DYNAMIC_NO_PIC = NO;
				GCC_NO_COMMON_BLOCKS = YES;
				GCC_OPTIMIZATION_LEVEL = 0;
				GCC_PREPROCESSOR_DEFINITIONS = (
					"$(inherited)",
					"DEBUG=1",
				);
				GCC_WARN_64_TO_32_BIT_CONVERSION = YES;
				GCC_WARN_ABOUT_RETURN_TYPE = YES_ERROR;
				GCC_WARN_UNDECLARED_SELECTOR = YES;
				GCC_WARN_UNINITIALIZED_AUTOS = YES_AGGRESSIVE;
				GCC_WARN_UNUSED_FUNCTION = YES;
				GCC_WARN_UNUSED_VARIABLE = YES;
				IPHONEOS_DEPLOYMENT_TARGET = 17.0;
				MARKETING_VERSION = 1.0.1;
				MTL_ENABLE_DEBUG_INFO = INCLUDE_SOURCE;
				MTL_FAST_MATH = YES;
				NOVACONNECT_DEFAULT_SERVER_URL = "https://10.0.0.102";
				ONLY_ACTIVE_ARCH = YES;
				PRODUCT_NAME = "$(TARGET_NAME)";
				SDKROOT = iphoneos;
				SWIFT_ACTIVE_COMPILATION_CONDITIONS = DEBUG;
				SWIFT_OPTIMIZATION_LEVEL = "-Onone";
				SWIFT_VERSION = 5.0;
			};
			name = Debug;
		};
		92B212CC8BFB5F6E6276DA52 /* Debug */ = {
			isa = XCBuildConfiguration;
			buildSettings = {
				ASSETCATALOG_COMPILER_APPICON_NAME = AppIcon;
				ASSETCATALOG_COMPILER_GLOBAL_ACCENT_COLOR_NAME = AccentColor;
				CODE_SIGN_IDENTITY = "iPhone Developer";
				CODE_SIGN_STYLE = Automatic;
				CURRENT_PROJECT_VERSION = 25;
				INFOPLIST_FILE = Native/Info.plist;
				LD_RUNPATH_SEARCH_PATHS = (
					"$(inherited)",
					"@executable_path/Frameworks",
				);
				MARKETING_VERSION = 0.1.0;
				PRODUCT_BUNDLE_IDENTIFIER = com.novaconnect.native;
				SDKROOT = iphoneos;
				SWIFT_VERSION = 5.0;
				TARGETED_DEVICE_FAMILY = "1,2";
			};
			name = Debug;
		};
		9339D77AEFC202CE3A8A6FAD /* Release */ = {
			isa = XCBuildConfiguration;
			buildSettings = {
				BUNDLE_LOADER = "$(TEST_HOST)";
				GENERATE_INFOPLIST_FILE = YES;
				LD_RUNPATH_SEARCH_PATHS = (
					"$(inherited)",
					"@executable_path/Frameworks",
					"@loader_path/Frameworks",
				);
				PRODUCT_BUNDLE_IDENTIFIER = com.novaconnect.NovaConnectNativeTests;
				SDKROOT = iphoneos;
				SWIFT_VERSION = 5.0;
				TARGETED_DEVICE_FAMILY = "1,2";
				TEST_HOST = "$(BUILT_PRODUCTS_DIR)/NovaConnectNative.app/NovaConnectNative";
			};
			name = Release;
		};
		D1281419545857E6AF87449C /* Release */ = {
			isa = XCBuildConfiguration;
			buildSettings = {
				ASSETCATALOG_COMPILER_APPICON_NAME = AppIcon;
				ASSETCATALOG_COMPILER_GLOBAL_ACCENT_COLOR_NAME = AccentColor;
				CODE_SIGN_IDENTITY = "iPhone Developer";
				CODE_SIGN_STYLE = Automatic;
				INFOPLIST_FILE = NovaConnect/Info.plist;
				LD_RUNPATH_SEARCH_PATHS = (
					"$(inherited)",
					"@executable_path/Frameworks",
				);
				PRODUCT_BUNDLE_IDENTIFIER = com.novaconnect.ios;
				SDKROOT = iphoneos;
				SWIFT_VERSION = 5.0;
				TARGETED_DEVICE_FAMILY = "1,2";
			};
			name = Release;
		};
/* End XCBuildConfiguration section */

/* Begin XCConfigurationList section */
		25C5282FB4A2BCF783E1C89A /* Build configuration list for PBXNativeTarget "NovaConnect" */ = {
			isa = XCConfigurationList;
			buildConfigurations = (
				3BF2A803CBE70229065917D0 /* Debug */,
				D1281419545857E6AF87449C /* Release */,
			);
			defaultConfigurationIsVisible = 0;
			defaultConfigurationName = Debug;
		};
		704BABFE36809E6467F5FA36 /* Build configuration list for PBXProject "NovaConnect" */ = {
			isa = XCConfigurationList;
			buildConfigurations = (
				4CDB2C192E0AF3F941D97481 /* Debug */,
				09DAAE0BCF66E3333708BCC6 /* Release */,
			);
			defaultConfigurationIsVisible = 0;
			defaultConfigurationName = Debug;
		};
		E48E26265BD1C3FC24CB1EC9 /* Build configuration list for PBXNativeTarget "NovaConnectNativeTests" */ = {
			isa = XCConfigurationList;
			buildConfigurations = (
				0C3DB6D4655D329A36416FF4 /* Debug */,
				9339D77AEFC202CE3A8A6FAD /* Release */,
			);
			defaultConfigurationIsVisible = 0;
			defaultConfigurationName = Debug;
		};
		F2EB74A6FDB7E9E0A1F6317A /* Build configuration list for PBXNativeTarget "NovaConnectNative" */ = {
			isa = XCConfigurationList;
			buildConfigurations = (
				92B212CC8BFB5F6E6276DA52 /* Debug */,
				100059A2B2DF328F49CC7BFD /* Release */,
			);
			defaultConfigurationIsVisible = 0;
			defaultConfigurationName = Debug;
		};
/* End XCConfigurationList section */

/* Begin XCRemoteSwiftPackageReference section */
		A30FBA542F3C1724B4E9633E /* XCRemoteSwiftPackageReference "mediasoup-client-swift" */ = {
			isa = XCRemoteSwiftPackageReference;
			repositoryURL = "https://github.com/VLprojects/mediasoup-client-swift.git";
			requirement = {
				kind = exactVersion;
				version = 0.13.2;
			};
		};
/* End XCRemoteSwiftPackageReference section */

/* Begin XCSwiftPackageProductDependency section */
		0F56FFB3EBF4096799DA4B7A /* Mediasoup */ = {
			isa = XCSwiftPackageProductDependency;
			package = A30FBA542F3C1724B4E9633E /* XCRemoteSwiftPackageReference "mediasoup-client-swift" */;
			productName = Mediasoup;
		};
/* End XCSwiftPackageProductDependency section */
	};
	rootObject = 6DC1954080D50A79682ACC17 /* Project object */;
}
